
Microsoft Visual Studio Solution File, Format Version 12.00
# Visual Studio Version 16
VisualStudioVersion = 16.0.31229.75
MinimumVisualStudioVersion = 10.0.40219.1
Project("{FAE04EC0-301F-11D3-BF4B-00C04F79EFBC}") = "Laba18", "Laba18\Laba18.csproj", "{BDEACE99-3917-44A8-9681-1516F28070BD}"
EndProject
Global
	GlobalSection(SolutionConfigurationPlatforms) = preSolution
		Debug|Any CPU = Debug|Any CPU
		Release|Any CPU = Release|Any CPU
	EndGlobalSection
	GlobalSection(ProjectConfigurationPlatforms) = postSolution
		{BDEACE99-3917-44A8-9681-1516F28070BD}.Debug|Any CPU.ActiveCfg = Debug|Any CPU
		{BDEACE99-3917-44A8-9681-1516F28070BD}.Debug|Any CPU.Build.0 = Debug|Any CPU
		{BDEACE99-3917-44A8-9681-1516F28070BD}.Release|Any CPU.ActiveCfg = Release|Any CPU
		{BDEACE99-3917-44A8-9681-1516F28070BD}.Release|Any CPU.Build.0 = Release|Any CPU
	EndGlobalSection
	GlobalSection(SolutionProperties) = preSolution
		HideSolutionNode = FALSE
	EndGlobalSection
	GlobalSection(ExtensibilityGlobals) = postSolution
		SolutionGuid = {94261114-F433-444A-AAD8-B77D45E96046}
	EndGlobalSection
EndGlobal
